
Microsoft Visual Studio Solution File, Format Version 12.00
# Visual Studio 14
VisualStudioVersion = 14.0.24720.0
MinimumVisualStudioVersion = 10.0.40219.1
Project("{FAE04EC0-301F-11D3-BF4B-00C04F79EFBC}") = "SecondClock.Droid", "SecondClock\SecondClock.Droid\SecondClock.Droid.csproj", "{A0E1FFA3-E4E0-4C17-B466-9069E75381F3}"
EndProject
Project("{FAE04EC0-301F-11D3-BF4B-00C04F79EFBC}") = "SecondClock.iOS", "SecondClock\SecondClock.iOS\SecondClock.iOS.csproj", "{AB143EA4-B698-4B29-BD59-5D551AC58ED1}"
EndProject
Project("{FAE04EC0-301F-11D3-BF4B-00C04F79EFBC}") = "SecondClock.WinPhone", "SecondClock\SecondClock.WinPhone\SecondClock.WinPhone.csproj", "{D0601014-9BFE-4D48-8EEC-24F521BCC90F}"
EndProject
Project("{FAE04EC0-301F-11D3-BF4B-00C04F79EFBC}") = "SecondClock.Windows", "SecondClock\SecondClock.Windows\SecondClock.Windows.csproj", "{7BE85D50-993E-4606-94FB-06421A72F0CA}"
EndProject
Project("{FAE04EC0-301F-11D3-BF4B-00C04F79EFBC}") = "SecondClock", "SecondClock\SecondClock\SecondClock.csproj", "{6D8E7BFF-DF02-4D99-8014-44DF3C46D7F4}"
EndProject
Global
	GlobalSection(SolutionConfigurationPlatforms) = preSolution
		Ad-Hoc|Any CPU = Ad-Hoc|Any CPU
		Ad-Hoc|ARM = Ad-Hoc|ARM
		Ad-Hoc|iPhone = Ad-Hoc|iPhone
		Ad-Hoc|iPhoneSimulator = Ad-Hoc|iPhoneSimulator
		Ad-Hoc|x64 = Ad-Hoc|x64
		Ad-Hoc|x86 = Ad-Hoc|x86
		AppStore|Any CPU = AppStore|Any CPU
		AppStore|ARM = AppStore|ARM
		AppStore|iPhone = AppStore|iPhone
		AppStore|iPhoneSimulator = AppStore|iPhoneSimulator
		AppStore|x64 = AppStore|x64
		AppStore|x86 = AppStore|x86
		Debug|Any CPU = Debug|Any CPU
		Debug|ARM = Debug|ARM
		Debug|iPhone = Debug|iPhone
		Debug|iPhoneSimulator = Debug|iPhoneSimulator
		Debug|x64 = Debug|x64
		Debug|x86 = Debug|x86
		Release|Any CPU = Release|Any CPU
		Release|ARM = Release|ARM
		Release|iPhone = Release|iPhone
		Release|iPhoneSimulator = Release|iPhoneSimulator
		Release|x64 = Release|x64
		Release|x86 = Release|x86
	EndGlobalSection
	GlobalSection(ProjectConfigurationPlatforms) = postSolution
		{A0E1FFA3-E4E0-4C17-B466-9069E75381F3}.Ad-Hoc|Any CPU.ActiveCfg = Release|Any CPU
		{A0E1FFA3-E4E0-4C17-B466-9069E75381F3}.Ad-Hoc|Any CPU.Build.0 = Release|Any CPU
		{A0E1FFA3-E4E0-4C17-B466-9069E75381F3}.Ad-Hoc|Any CPU.Deploy.0 = Release|Any CPU
		{A0E1FFA3-E4E0-4C17-B466-9069E75381F3}.Ad-Hoc|ARM.ActiveCfg = Release|Any CPU
		{A0E1FFA3-E4E0-4C17-B466-9069E75381F3}.Ad-Hoc|ARM.Build.0 = Release|Any CPU
		{A0E1FFA3-E4E0-4C17-B466-9069E75381F3}.Ad-Hoc|ARM.Deploy.0 = Release|Any CPU
		{A0E1FFA3-E4E0-4C17-B466-9069E75381F3}.Ad-Hoc|iPhone.ActiveCfg = Release|Any CPU
		{A0E1FFA3-E4E0-4C17-B466-9069E75381F3}.Ad-Hoc|iPhone.Build.0 = Release|Any CPU
		{A0E1FFA3-E4E0-4C17-B466-9069E75381F3}.Ad-Hoc|iPhone.Deploy.0 = Release|Any CPU
		{A0E1FFA3-E4E0-4C17-B466-9069E75381F3}.Ad-Hoc|iPhoneSimulator.ActiveCfg = Release|Any CPU
		{A0E1FFA3-E4E0-4C17-B466-9069E75381F3}.Ad-Hoc|iPhoneSimulator.Build.0 = Release|Any CPU
		{A0E1FFA3-E4E0-4C17-B466-9069E75381F3}.Ad-Hoc|iPhoneSimulator.Deploy.0 = Release|Any CPU
		{A0E1FFA3-E4E0-4C17-B466-9069E75381F3}.Ad-Hoc|x64.ActiveCfg = Release|Any CPU
		{A0E1FFA3-E4E0-4C17-B466-9069E75381F3}.Ad-Hoc|x64.Build.0 = Release|Any CPU
		{A0E1FFA3-E4E0-4C17-B466-9069E75381F3}.Ad-Hoc|x64.Deploy.0 = Release|Any CPU
		{A0E1FFA3-E4E0-4C17-B466-9069E75381F3}.Ad-Hoc|x86.ActiveCfg = Release|Any CPU
		{A0E1FFA3-E4E0-4C17-B466-9069E75381F3}.Ad-Hoc|x86.Build.0 = Release|Any CPU
		{A0E1FFA3-E4E0-4C17-B466-9069E75381F3}.Ad-Hoc|x86.Deploy.0 = Release|Any CPU
		{A0E1FFA3-E4E0-4C17-B466-9069E75381F3}.AppStore|Any CPU.ActiveCfg = Release|Any CPU
		{A0E1FFA3-E4E0-4C17-B466-9069E75381F3}.AppStore|Any CPU.Build.0 = Release|Any CPU
		{A0E1FFA3-E4E0-4C17-B466-9069E75381F3}.AppStore|Any CPU.Deploy.0 = Release|Any CPU
		{A0E1FFA3-E4E0-4C17-B466-9069E75381F3}.AppStore|ARM.ActiveCfg = Release|Any CPU
		{A0E1FFA3-E4E0-4C17-B466-9069E75381F3}.AppStore|ARM.Build.0 = Release|Any CPU
		{A0E1FFA3-E4E0-4C17-B466-9069E75381F3}.AppStore|ARM.Deploy.0 = Release|Any CPU
		{A0E1FFA3-E4E0-4C17-B466-9069E75381F3}.AppStore|iPhone.ActiveCfg = Release|Any CPU
		{A0E1FFA3-E4E0-4C17-B466-9069E75381F3}.AppStore|iPhone.Build.0 = Release|Any CPU
		{A0E1FFA3-E4E0-4C17-B466-9069E75381F3}.AppStore|iPhone.Deploy.0 = Release|Any CPU
		{A0E1FFA3-E4E0-4C17-B466-9069E75381F3}.AppStore|iPhoneSimulator.ActiveCfg = Release|Any CPU
		{A0E1FFA3-E4E0-4C17-B466-9069E75381F3}.AppStore|iPhoneSimulator.Build.0 = Release|Any CPU
		{A0E1FFA3-E4E0-4C17-B466-9069E75381F3}.AppStore|iPhoneSimulator.Deploy.0 = Release|Any CPU
		{A0E1FFA3-E4E0-4C17-B466-9069E75381F3}.AppStore|x64.ActiveCfg = Release|Any CPU
		{A0E1FFA3-E4E0-4C17-B466-9069E75381F3}.AppStore|x64.Build.0 = Release|Any CPU
		{A0E1FFA3-E4E0-4C17-B466-9069E75381F3}.AppStore|x64.Deploy.0 = Release|Any CPU
		{A0E1FFA3-E4E0-4C17-B466-9069E75381F3}.AppStore|x86.ActiveCfg = Release|Any CPU
		{A0E1FFA3-E4E0-4C17-B466-9069E75381F3}.AppStore|x86.Build.0 = Release|Any CPU
		{A0E1FFA3-E4E0-4C17-B466-9069E75381F3}.AppStore|x86.Deploy.0 = Release|Any CPU
		{A0E1FFA3-E4E0-4C17-B466-9069E75381F3}.Debug|Any CPU.ActiveCfg = Debug|Any CPU
		{A0E1FFA3-E4E0-4C17-B466-9069E75381F3}.Debug|Any CPU.Build.0 = Debug|Any CPU
		{A0E1FFA3-E4E0-4C17-B466-9069E75381F3}.Debug|Any CPU.Deploy.0 = Debug|Any CPU
		{A0E1FFA3-E4E0-4C17-B466-9069E75381F3}.Debug|ARM.ActiveCfg = Debug|Any CPU
		{A0E1FFA3-E4E0-4C17-B466-9069E75381F3}.Debug|ARM.Build.0 = Debug|Any CPU
		{A0E1FFA3-E4E0-4C17-B466-9069E75381F3}.Debug|ARM.Deploy.0 = Debug|Any CPU
		{A0E1FFA3-E4E0-4C17-B466-9069E75381F3}.Debug|iPhone.ActiveCfg = Debug|Any CPU
		{A0E1FFA3-E4E0-4C17-B466-9069E75381F3}.Debug|iPhone.Build.0 = Debug|Any CPU
		{A0E1FFA3-E4E0-4C17-B466-9069E75381F3}.Debug|iPhone.Deploy.0 = Debug|Any CPU
		{A0E1FFA3-E4E0-4C17-B466-9069E75381F3}.Debug|iPhoneSimulator.ActiveCfg = Debug|Any CPU
		{A0E1FFA3-E4E0-4C17-B466-9069E75381F3}.Debug|iPhoneSimulator.Build.0 = Debug|Any CPU
		{A0E1FFA3-E4E0-4C17-B466-9069E75381F3}.Debug|iPhoneSimulator.Deploy.0 = Debug|Any CPU
		{A0E1FFA3-E4E0-4C17-B466-9069E75381F3}.Debug|x64.ActiveCfg = Debug|Any CPU
		{A0E1FFA3-E4E0-4C17-B466-9069E75381F3}.Debug|x64.Build.0 = Debug|Any CPU
		{A0E1FFA3-E4E0-4C17-B466-9069E75381F3}.Debug|x64.Deploy.0 = Debug|Any CPU
		{A0E1FFA3-E4E0-4C17-B466-9069E75381F3}.Debug|x86.ActiveCfg = Debug|Any CPU
		{A0E1FFA3-E4E0-4C17-B466-9069E75381F3}.Debug|x86.Build.0 = Debug|Any CPU
		{A0E1FFA3-E4E0-4C17-B466-9069E75381F3}.Debug|x86.Deploy.0 = Debug|Any CPU
		{A0E1FFA3-E4E0-4C17-B466-9069E75381F3}.Release|Any CPU.ActiveCfg = Release|Any CPU
		{A0E1FFA3-E4E0-4C17-B466-9069E75381F3}.Release|Any CPU.Build.0 = Release|Any CPU
		{A0E1FFA3-E4E0-4C17-B466-9069E75381F3}.Release|Any CPU.Deploy.0 = Release|Any CPU
		{A0E1FFA3-E4E0-4C17-B466-9069E75381F3}.Release|ARM.ActiveCfg = Release|Any CPU
		{A0E1FFA3-E4E0-4C17-B466-9069E75381F3}.Release|ARM.Build.0 = Release|Any CPU
		{A0E1FFA3-E4E0-4C17-B466-9069E75381F3}.Release|ARM.Deploy.0 = Release|Any CPU
		{A0E1FFA3-E4E0-4C17-B466-9069E75381F3}.Release|iPhone.ActiveCfg = Release|Any CPU
		{A0E1FFA3-E4E0-4C17-B466-9069E75381F3}.Release|iPhone.Build.0 = Release|Any CPU
		{A0E1FFA3-E4E0-4C17-B466-9069E75381F3}.Release|iPhone.Deploy.0 = Release|Any CPU
		{A0E1FFA3-E4E0-4C17-B466-9069E75381F3}.Release|iPhoneSimulator.ActiveCfg = Release|Any CPU
		{A0E1FFA3-E4E0-4C17-B466-9069E75381F3}.Release|iPhoneSimulator.Build.0 = Release|Any CPU
		{A0E1FFA3-E4E0-4C17-B466-9069E75381F3}.Release|iPhoneSimulator.Deploy.0 = Release|Any CPU
		{A0E1FFA3-E4E0-4C17-B466-9069E75381F3}.Release|x64.ActiveCfg = Release|Any CPU
		{A0E1FFA3-E4E0-4C17-B466-9069E75381F3}.Release|x64.Build.0 = Release|Any CPU
		{A0E1FFA3-E4E0-4C17-B466-9069E75381F3}.Release|x64.Deploy.0 = Release|Any CPU
		{A0E1FFA3-E4E0-4C17-B466-9069E75381F3}.Release|x86.ActiveCfg = Release|Any CPU
		{A0E1FFA3-E4E0-4C17-B466-9069E75381F3}.Release|x86.Build.0 = Release|Any CPU
		{A0E1FFA3-E4E0-4C17-B466-9069E75381F3}.Release|x86.Deploy.0 = Release|Any CPU
		{AB143EA4-B698-4B29-BD59-5D551AC58ED1}.Ad-Hoc|Any CPU.ActiveCfg = Ad-Hoc|iPhone
		{AB143EA4-B698-4B29-BD59-5D551AC58ED1}.Ad-Hoc|ARM.ActiveCfg = Ad-Hoc|iPhone
		{AB143EA4-B698-4B29-BD59-5D551AC58ED1}.Ad-Hoc|iPhone.ActiveCfg = Ad-Hoc|iPhone
		{AB143EA4-B698-4B29-BD59-5D551AC58ED1}.Ad-Hoc|iPhone.Build.0 = Ad-Hoc|iPhone
		{AB143EA4-B698-4B29-BD59-5D551AC58ED1}.Ad-Hoc|iPhoneSimulator.ActiveCfg = Ad-Hoc|iPhoneSimulator
		{AB143EA4-B698-4B29-BD59-5D551AC58ED1}.Ad-Hoc|iPhoneSimulator.Build.0 = Ad-Hoc|iPhoneSimulator
		{AB143EA4-B698-4B29-BD59-5D551AC58ED1}.Ad-Hoc|x64.ActiveCfg = Ad-Hoc|iPhone
		{AB143EA4-B698-4B29-BD59-5D551AC58ED1}.Ad-Hoc|x86.ActiveCfg = Ad-Hoc|iPhone
		{AB143EA4-B698-4B29-BD59-5D551AC58ED1}.AppStore|Any CPU.ActiveCfg = AppStore|iPhone
		{AB143EA4-B698-4B29-BD59-5D551AC58ED1}.AppStore|ARM.ActiveCfg = AppStore|iPhone
		{AB143EA4-B698-4B29-BD59-5D551AC58ED1}.AppStore|iPhone.ActiveCfg = AppStore|iPhone
		{AB143EA4-B698-4B29-BD59-5D551AC58ED1}.AppStore|iPhone.Build.0 = AppStore|iPhone
		{AB143EA4-B698-4B29-BD59-5D551AC58ED1}.AppStore|iPhoneSimulator.ActiveCfg = AppStore|iPhoneSimulator
		{AB143EA4-B698-4B29-BD59-5D551AC58ED1}.AppStore|iPhoneSimulator.Build.0 = AppStore|iPhoneSimulator
		{AB143EA4-B698-4B29-BD59-5D551AC58ED1}.AppStore|x64.ActiveCfg = AppStore|iPhone
		{AB143EA4-B698-4B29-BD59-5D551AC58ED1}.AppStore|x86.ActiveCfg = AppStore|iPhone
		{AB143EA4-B698-4B29-BD59-5D551AC58ED1}.Debug|Any CPU.ActiveCfg = Debug|iPhone
		{AB143EA4-B698-4B29-BD59-5D551AC58ED1}.Debug|ARM.ActiveCfg = Debug|iPhone
		{AB143EA4-B698-4B29-BD59-5D551AC58ED1}.Debug|iPhone.ActiveCfg = Debug|iPhone
		{AB143EA4-B698-4B29-BD59-5D551AC58ED1}.Debug|iPhone.Build.0 = Debug|iPhone
		{AB143EA4-B698-4B29-BD59-5D551AC58ED1}.Debug|iPhoneSimulator.ActiveCfg = Debug|iPhoneSimulator
		{AB143EA4-B698-4B29-BD59-5D551AC58ED1}.Debug|iPhoneSimulator.Build.0 = Debug|iPhoneSimulator
		{AB143EA4-B698-4B29-BD59-5D551AC58ED1}.Debug|x64.ActiveCfg = Debug|iPhone
		{AB143EA4-B698-4B29-BD59-5D551AC58ED1}.Debug|x86.ActiveCfg = Debug|iPhone
		{AB143EA4-B698-4B29-BD59-5D551AC58ED1}.Release|Any CPU.ActiveCfg = Release|iPhone
		{AB143EA4-B698-4B29-BD59-5D551AC58ED1}.Release|ARM.ActiveCfg = Release|iPhone
		{AB143EA4-B698-4B29-BD59-5D551AC58ED1}.Release|iPhone.ActiveCfg = Release|iPhone
		{AB143EA4-B698-4B29-BD59-5D551AC58ED1}.Release|iPhone.Build.0 = Release|iPhone
		{AB143EA4-B698-4B29-BD59-5D551AC58ED1}.Release|iPhoneSimulator.ActiveCfg = Release|iPhoneSimulator
		{AB143EA4-B698-4B29-BD59-5D551AC58ED1}.Release|iPhoneSimulator.Build.0 = Release|iPhoneSimulator
		{AB143EA4-B698-4B29-BD59-5D551AC58ED1}.Release|x64.ActiveCfg = Release|iPhone
		{AB143EA4-B698-4B29-BD59-5D551AC58ED1}.Release|x86.ActiveCfg = Release|iPhone
		{D0601014-9BFE-4D48-8EEC-24F521BCC90F}.Ad-Hoc|Any CPU.ActiveCfg = Release|Any CPU
		{D0601014-9BFE-4D48-8EEC-24F521BCC90F}.Ad-Hoc|Any CPU.Build.0 = Release|Any CPU
		{D0601014-9BFE-4D48-8EEC-24F521BCC90F}.Ad-Hoc|Any CPU.Deploy.0 = Release|Any CPU
		{D0601014-9BFE-4D48-8EEC-24F521BCC90F}.Ad-Hoc|ARM.ActiveCfg = Release|ARM
		{D0601014-9BFE-4D48-8EEC-24F521BCC90F}.Ad-Hoc|ARM.Build.0 = Release|ARM
		{D0601014-9BFE-4D48-8EEC-24F521BCC90F}.Ad-Hoc|ARM.Deploy.0 = Release|ARM
		{D0601014-9BFE-4D48-8EEC-24F521BCC90F}.Ad-Hoc|iPhone.ActiveCfg = Release|Any CPU
		{D0601014-9BFE-4D48-8EEC-24F521BCC90F}.Ad-Hoc|iPhone.Build.0 = Release|Any CPU
		{D0601014-9BFE-4D48-8EEC-24F521BCC90F}.Ad-Hoc|iPhone.Deploy.0 = Release|Any CPU
		{D0601014-9BFE-4D48-8EEC-24F521BCC90F}.Ad-Hoc|iPhoneSimulator.ActiveCfg = Release|Any CPU
		{D0601014-9BFE-4D48-8EEC-24F521BCC90F}.Ad-Hoc|iPhoneSimulator.Build.0 = Release|Any CPU
		{D0601014-9BFE-4D48-8EEC-24F521BCC90F}.Ad-Hoc|iPhoneSimulator.Deploy.0 = Release|Any CPU
		{D0601014-9BFE-4D48-8EEC-24F521BCC90F}.Ad-Hoc|x64.ActiveCfg = Release|Any CPU
		{D0601014-9BFE-4D48-8EEC-24F521BCC90F}.Ad-Hoc|x64.Build.0 = Release|Any CPU
		{D0601014-9BFE-4D48-8EEC-24F521BCC90F}.Ad-Hoc|x64.Deploy.0 = Release|Any CPU
		{D0601014-9BFE-4D48-8EEC-24F521BCC90F}.Ad-Hoc|x86.ActiveCfg = Release|x86
		{D0601014-9BFE-4D48-8EEC-24F521BCC90F}.Ad-Hoc|x86.Build.0 = Release|x86
		{D0601014-9BFE-4D48-8EEC-24F521BCC90F}.Ad-Hoc|x86.Deploy.0 = Release|x86
		{D0601014-9BFE-4D48-8EEC-24F521BCC90F}.AppStore|Any CPU.ActiveCfg = Release|Any CPU
		{D0601014-9BFE-4D48-8EEC-24F521BCC90F}.AppStore|Any CPU.Build.0 = Release|Any CPU
		{D0601014-9BFE-4D48-8EEC-24F521BCC90F}.AppStore|Any CPU.Deploy.0 = Release|Any CPU
		{D0601014-9BFE-4D48-8EEC-24F521BCC90F}.AppStore|ARM.ActiveCfg = Release|ARM
		{D0601014-9BFE-4D48-8EEC-24F521BCC90F}.AppStore|ARM.Build.0 = Release|ARM
		{D0601014-9BFE-4D48-8EEC-24F521BCC90F}.AppStore|ARM.Deploy.0 = Release|ARM
		{D0601014-9BFE-4D48-8EEC-24F521BCC90F}.AppStore|iPhone.ActiveCfg = Release|Any CPU
		{D0601014-9BFE-4D48-8EEC-24F521BCC90F}.AppStore|iPhone.Build.0 = Release|Any CPU
		{D0601014-9BFE-4D48-8EEC-24F521BCC90F}.AppStore|iPhone.Deploy.0 = Release|Any CPU
		{D0601014-9BFE-4D48-8EEC-24F521BCC90F}.AppStore|iPhoneSimulator.ActiveCfg = Release|Any CPU
		{D0601014-9BFE-4D48-8EEC-24F521BCC90F}.AppStore|iPhoneSimulator.Build.0 = Release|Any CPU
		{D0601014-9BFE-4D48-8EEC-24F521BCC90F}.AppStore|iPhoneSimulator.Deploy.0 = Release|Any CPU
		{D0601014-9BFE-4D48-8EEC-24F521BCC90F}.AppStore|x64.ActiveCfg = Release|Any CPU
		{D0601014-9BFE-4D48-8EEC-24F521BCC90F}.AppStore|x64.Build.0 = Release|Any CPU
		{D0601014-9BFE-4D48-8EEC-24F521BCC90F}.AppStore|x64.Deploy.0 = Release|Any CPU
		{D0601014-9BFE-4D48-8EEC-24F521BCC90F}.AppStore|x86.ActiveCfg = Release|x86
		{D0601014-9BFE-4D48-8EEC-24F521BCC90F}.AppStore|x86.Build.0 = Release|x86
		{D0601014-9BFE-4D48-8EEC-24F521BCC90F}.AppStore|x86.Deploy.0 = Release|x86
		{D0601014-9BFE-4D48-8EEC-24F521BCC90F}.Debug|Any CPU.ActiveCfg = Debug|Any CPU
		{D0601014-9BFE-4D48-8EEC-24F521BCC90F}.Debug|Any CPU.Build.0 = Debug|Any CPU
		{D0601014-9BFE-4D48-8EEC-24F521BCC90F}.Debug|Any CPU.Deploy.0 = Debug|Any CPU
		{D0601014-9BFE-4D48-8EEC-24F521BCC90F}.Debug|ARM.ActiveCfg = Debug|ARM
		{D0601014-9BFE-4D48-8EEC-24F521BCC90F}.Debug|ARM.Build.0 = Debug|ARM
		{D0601014-9BFE-4D48-8EEC-24F521BCC90F}.Debug|ARM.Deploy.0 = Debug|ARM
		{D0601014-9BFE-4D48-8EEC-24F521BCC90F}.Debug|iPhone.ActiveCfg = Debug|Any CPU
		{D0601014-9BFE-4D48-8EEC-24F521BCC90F}.Debug|iPhone.Build.0 = Debug|Any CPU
		{D0601014-9BFE-4D48-8EEC-24F521BCC90F}.Debug|iPhone.Deploy.0 = Debug|Any CPU
		{D0601014-9BFE-4D48-8EEC-24F521BCC90F}.Debug|iPhoneSimulator.ActiveCfg = Debug|Any CPU
		{D0601014-9BFE-4D48-8EEC-24F521BCC90F}.Debug|iPhoneSimulator.Build.0 = Debug|Any CPU
		{D0601014-9BFE-4D48-8EEC-24F521BCC90F}.Debug|iPhoneSimulator.Deploy.0 = Debug|Any CPU
		{D0601014-9BFE-4D48-8EEC-24F521BCC90F}.Debug|x64.ActiveCfg = Debug|Any CPU
		{D0601014-9BFE-4D48-8EEC-24F521BCC90F}.Debug|x64.Build.0 = Debug|Any CPU
		{D0601014-9BFE-4D48-8EEC-24F521BCC90F}.Debug|x64.Deploy.0 = Debug|Any CPU
		{D0601014-9BFE-4D48-8EEC-24F521BCC90F}.Debug|x86.ActiveCfg = Debug|x86
		{D0601014-9BFE-4D48-8EEC-24F521BCC90F}.Debug|x86.Build.0 = Debug|x86
		{D0601014-9BFE-4D48-8EEC-24F521BCC90F}.Debug|x86.Deploy.0 = Debug|x86
		{D0601014-9BFE-4D48-8EEC-24F521BCC90F}.Release|Any CPU.ActiveCfg = Release|Any CPU
		{D0601014-9BFE-4D48-8EEC-24F521BCC90F}.Release|Any CPU.Build.0 = Release|Any CPU
		{D0601014-9BFE-4D48-8EEC-24F521BCC90F}.Release|Any CPU.Deploy.0 = Release|Any CPU
		{D0601014-9BFE-4D48-8EEC-24F521BCC90F}.Release|ARM.ActiveCfg = Release|ARM
		{D0601014-9BFE-4D48-8EEC-24F521BCC90F}.Release|ARM.Build.0 = Release|ARM
		{D0601014-9BFE-4D48-8EEC-24F521BCC90F}.Release|ARM.Deploy.0 = Release|ARM
		{D0601014-9BFE-4D48-8EEC-24F521BCC90F}.Release|iPhone.ActiveCfg = Release|Any CPU
		{D0601014-9BFE-4D48-8EEC-24F521BCC90F}.Release|iPhone.Build.0 = Release|Any CPU
		{D0601014-9BFE-4D48-8EEC-24F521BCC90F}.Release|iPhone.Deploy.0 = Release|Any CPU
		{D0601014-9BFE-4D48-8EEC-24F521BCC90F}.Release|iPhoneSimulator.ActiveCfg = Release|Any CPU
		{D0601014-9BFE-4D48-8EEC-24F521BCC90F}.Release|iPhoneSimulator.Build.0 = Release|Any CPU
		{D0601014-9BFE-4D48-8EEC-24F521BCC90F}.Release|iPhoneSimulator.Deploy.0 = Release|Any CPU
		{D0601014-9BFE-4D48-8EEC-24F521BCC90F}.Release|x64.ActiveCfg = Release|Any CPU
		{D0601014-9BFE-4D48-8EEC-24F521BCC90F}.Release|x64.Build.0 = Release|Any CPU
		{D0601014-9BFE-4D48-8EEC-24F521BCC90F}.Release|x64.Deploy.0 = Release|Any CPU
		{D0601014-9BFE-4D48-8EEC-24F521BCC90F}.Release|x86.ActiveCfg = Release|x86
		{D0601014-9BFE-4D48-8EEC-24F521BCC90F}.Release|x86.Build.0 = Release|x86
		{D0601014-9BFE-4D48-8EEC-24F521BCC90F}.Release|x86.Deploy.0 = Release|x86
		{7BE85D50-993E-4606-94FB-06421A72F0CA}.Ad-Hoc|Any CPU.ActiveCfg = Release|Any CPU
		{7BE85D50-993E-4606-94FB-06421A72F0CA}.Ad-Hoc|Any CPU.Build.0 = Release|Any CPU
		{7BE85D50-993E-4606-94FB-06421A72F0CA}.Ad-Hoc|Any CPU.Deploy.0 = Release|Any CPU
		{7BE85D50-993E-4606-94FB-06421A72F0CA}.Ad-Hoc|ARM.ActiveCfg = Release|ARM
		{7BE85D50-993E-4606-94FB-06421A72F0CA}.Ad-Hoc|ARM.Build.0 = Release|ARM
		{7BE85D50-993E-4606-94FB-06421A72F0CA}.Ad-Hoc|ARM.Deploy.0 = Release|ARM
		{7BE85D50-993E-4606-94FB-06421A72F0CA}.Ad-Hoc|iPhone.ActiveCfg = Release|Any CPU
		{7BE85D50-993E-4606-94FB-06421A72F0CA}.Ad-Hoc|iPhone.Build.0 = Release|Any CPU
		{7BE85D50-993E-4606-94FB-06421A72F0CA}.Ad-Hoc|iPhone.Deploy.0 = Release|Any CPU
		{7BE85D50-993E-4606-94FB-06421A72F0CA}.Ad-Hoc|iPhoneSimulator.ActiveCfg = Release|Any CPU
		{7BE85D50-993E-4606-94FB-06421A72F0CA}.Ad-Hoc|iPhoneSimulator.Build.0 = Release|Any CPU
		{7BE85D50-993E-4606-94FB-06421A72F0CA}.Ad-Hoc|iPhoneSimulator.Deploy.0 = Release|Any CPU
		{7BE85D50-993E-4606-94FB-06421A72F0CA}.Ad-Hoc|x64.ActiveCfg = Release|x64
		{7BE85D50-993E-4606-94FB-06421A72F0CA}.Ad-Hoc|x64.Build.0 = Release|x64
		{7BE85D50-993E-4606-94FB-06421A72F0CA}.Ad-Hoc|x64.Deploy.0 = Release|x64
		{7BE85D50-993E-4606-94FB-06421A72F0CA}.Ad-Hoc|x86.ActiveCfg = Release|x86
		{7BE85D50-993E-4606-94FB-06421A72F0CA}.Ad-Hoc|x86.Build.0 = Release|x86
		{7BE85D50-993E-4606-94FB-06421A72F0CA}.Ad-Hoc|x86.Deploy.0 = Release|x86
		{7BE85D50-993E-4606-94FB-06421A72F0CA}.AppStore|Any CPU.ActiveCfg = Release|Any CPU
		{7BE85D50-993E-4606-94FB-06421A72F0CA}.AppStore|Any CPU.Build.0 = Release|Any CPU
		{7BE85D50-993E-4606-94FB-06421A72F0CA}.AppStore|Any CPU.Deploy.0 = Release|Any CPU
		{7BE85D50-993E-4606-94FB-06421A72F0CA}.AppStore|ARM.ActiveCfg = Release|ARM
		{7BE85D50-993E-4606-94FB-06421A72F0CA}.AppStore|ARM.Build.0 = Release|ARM
		{7BE85D50-993E-4606-94FB-06421A72F0CA}.AppStore|ARM.Deploy.0 = Release|ARM
		{7BE85D50-993E-4606-94FB-06421A72F0CA}.AppStore|iPhone.ActiveCfg = Release|Any CPU
		{7BE85D50-993E-4606-94FB-06421A72F0CA}.AppStore|iPhone.Build.0 = Release|Any CPU
		{7BE85D50-993E-4606-94FB-06421A72F0CA}.AppStore|iPhone.Deploy.0 = Release|Any CPU
		{7BE85D50-993E-4606-94FB-06421A72F0CA}.AppStore|iPhoneSimulator.ActiveCfg = Release|Any CPU
		{7BE85D50-993E-4606-94FB-06421A72F0CA}.AppStore|iPhoneSimulator.Build.0 = Release|Any CPU
		{7BE85D50-993E-4606-94FB-06421A72F0CA}.AppStore|iPhoneSimulator.Deploy.0 = Release|Any CPU
		{7BE85D50-993E-4606-94FB-06421A72F0CA}.AppStore|x64.ActiveCfg = Release|x64
		{7BE85D50-993E-4606-94FB-06421A72F0CA}.AppStore|x64.Build.0 = Release|x64
		{7BE85D50-993E-4606-94FB-06421A72F0CA}.AppStore|x64.Deploy.0 = Release|x64
		{7BE85D50-993E-4606-94FB-06421A72F0CA}.AppStore|x86.ActiveCfg = Release|x86
		{7BE85D50-993E-4606-94FB-06421A72F0CA}.AppStore|x86.Build.0 = Release|x86
		{7BE85D50-993E-4606-94FB-06421A72F0CA}.AppStore|x86.Deploy.0 = Release|x86
		{7BE85D50-993E-4606-94FB-06421A72F0CA}.Debug|Any CPU.ActiveCfg = Debug|Any CPU
		{7BE85D50-993E-4606-94FB-06421A72F0CA}.Debug|Any CPU.Build.0 = Debug|Any CPU
		{7BE85D50-993E-4606-94FB-06421A72F0CA}.Debug|Any CPU.Deploy.0 = Debug|Any CPU
		{7BE85D50-993E-4606-94FB-06421A72F0CA}.Debug|ARM.ActiveCfg = Debug|ARM
		{7BE85D50-993E-4606-94FB-06421A72F0CA}.Debug|ARM.Build.0 = Debug|ARM
		{7BE85D50-993E-4606-94FB-06421A72F0CA}.Debug|ARM.Deploy.0 = Debug|ARM
		{7BE85D50-993E-4606-94FB-06421A72F0CA}.Debug|iPhone.ActiveCfg = Debug|Any CPU
		{7BE85D50-993E-4606-94FB-06421A72F0CA}.Debug|iPhone.Build.0 = Debug|Any CPU
		{7BE85D50-993E-4606-94FB-06421A72F0CA}.Debug|iPhone.Deploy.0 = Debug|Any CPU
		{7BE85D50-993E-4606-94FB-06421A72F0CA}.Debug|iPhoneSimulator.ActiveCfg = Debug|Any CPU
		{7BE85D50-993E-4606-94FB-06421A72F0CA}.Debug|iPhoneSimulator.Build.0 = Debug|Any CPU
		{7BE85D50-993E-4606-94FB-06421A72F0CA}.Debug|iPhoneSimulator.Deploy.0 = Debug|Any CPU
		{7BE85D50-993E-4606-94FB-06421A72F0CA}.Debug|x64.ActiveCfg = Debug|x64
		{7BE85D50-993E-4606-94FB-06421A72F0CA}.Debug|x64.Build.0 = Debug|x64
		{7BE85D50-993E-4606-94FB-06421A72F0CA}.Debug|x64.Deploy.0 = Debug|x64
		{7BE85D50-993E-4606-94FB-06421A72F0CA}.Debug|x86.ActiveCfg = Debug|x86
		{7BE85D50-993E-4606-94FB-06421A72F0CA}.Debug|x86.Build.0 = Debug|x86
		{7BE85D50-993E-4606-94FB-06421A72F0CA}.Debug|x86.Deploy.0 = Debug|x86
		{7BE85D50-993E-4606-94FB-06421A72F0CA}.Release|Any CPU.ActiveCfg = Release|Any CPU
		{7BE85D50-993E-4606-94FB-06421A72F0CA}.Release|Any CPU.Build.0 = Release|Any CPU
		{7BE85D50-993E-4606-94FB-06421A72F0CA}.Release|Any CPU.Deploy.0 = Release|Any CPU
		{7BE85D50-993E-4606-94FB-06421A72F0CA}.Release|ARM.ActiveCfg = Release|ARM
		{7BE85D50-993E-4606-94FB-06421A72F0CA}.Release|ARM.Build.0 = Release|ARM
		{7BE85D50-993E-4606-94FB-06421A72F0CA}.Release|ARM.Deploy.0 = Release|ARM
		{7BE85D50-993E-4606-94FB-06421A72F0CA}.Release|iPhone.ActiveCfg = Release|Any CPU
		{7BE85D50-993E-4606-94FB-06421A72F0CA}.Release|iPhone.Build.0 = Release|Any CPU
		{7BE85D50-993E-4606-94FB-06421A72F0CA}.Release|iPhone.Deploy.0 = Release|Any CPU
		{7BE85D50-993E-4606-94FB-06421A72F0CA}.Release|iPhoneSimulator.ActiveCfg = Release|Any CPU
		{7BE85D50-993E-4606-94FB-06421A72F0CA}.Release|iPhoneSimulator.Build.0 = Release|Any CPU
		{7BE85D50-993E-4606-94FB-06421A72F0CA}.Release|iPhoneSimulator.Deploy.0 = Release|Any CPU
		{7BE85D50-993E-4606-94FB-06421A72F0CA}.Release|x64.ActiveCfg = Release|x64
		{7BE85D50-993E-4606-94FB-06421A72F0CA}.Release|x64.Build.0 = Release|x64
		{7BE85D50-993E-4606-94FB-06421A72F0CA}.Release|x64.Deploy.0 = Release|x64
		{7BE85D50-993E-4606-94FB-06421A72F0CA}.Release|x86.ActiveCfg = Release|x86
		{7BE85D50-993E-4606-94FB-06421A72F0CA}.Release|x86.Build.0 = Release|x86
		{7BE85D50-993E-4606-94FB-06421A72F0CA}.Release|x86.Deploy.0 = Release|x86
		{6D8E7BFF-DF02-4D99-8014-44DF3C46D7F4}.Ad-Hoc|Any CPU.ActiveCfg = Release|Any CPU
		{6D8E7BFF-DF02-4D99-8014-44DF3C46D7F4}.Ad-Hoc|Any CPU.Build.0 = Release|Any CPU
		{6D8E7BFF-DF02-4D99-8014-44DF3C46D7F4}.Ad-Hoc|ARM.ActiveCfg = Release|Any CPU
		{6D8E7BFF-DF02-4D99-8014-44DF3C46D7F4}.Ad-Hoc|ARM.Build.0 = Release|Any CPU
		{6D8E7BFF-DF02-4D99-8014-44DF3C46D7F4}.Ad-Hoc|iPhone.ActiveCfg = Release|Any CPU
		{6D8E7BFF-DF02-4D99-8014-44DF3C46D7F4}.Ad-Hoc|iPhone.Build.0 = Release|Any CPU
		{6D8E7BFF-DF02-4D99-8014-44DF3C46D7F4}.Ad-Hoc|iPhoneSimulator.ActiveCfg = Release|Any CPU
		{6D8E7BFF-DF02-4D99-8014-44DF3C46D7F4}.Ad-Hoc|iPhoneSimulator.Build.0 = Release|Any CPU
		{6D8E7BFF-DF02-4D99-8014-44DF3C46D7F4}.Ad-Hoc|x64.ActiveCfg = Release|Any CPU
		{6D8E7BFF-DF02-4D99-8014-44DF3C46D7F4}.Ad-Hoc|x64.Build.0 = Release|Any CPU
		{6D8E7BFF-DF02-4D99-8014-44DF3C46D7F4}.Ad-Hoc|x86.ActiveCfg = Release|Any CPU
		{6D8E7BFF-DF02-4D99-8014-44DF3C46D7F4}.Ad-Hoc|x86.Build.0 = Release|Any CPU
		{6D8E7BFF-DF02-4D99-8014-44DF3C46D7F4}.AppStore|Any CPU.ActiveCfg = Release|Any CPU
		{6D8E7BFF-DF02-4D99-8014-44DF3C46D7F4}.AppStore|Any CPU.Build.0 = Release|Any CPU
		{6D8E7BFF-DF02-4D99-8014-44DF3C46D7F4}.AppStore|ARM.ActiveCfg = Release|Any CPU
		{6D8E7BFF-DF02-4D99-8014-44DF3C46D7F4}.AppStore|ARM.Build.0 = Release|Any CPU
		{6D8E7BFF-DF02-4D99-8014-44DF3C46D7F4}.AppStore|iPhone.ActiveCfg = Release|Any CPU
		{6D8E7BFF-DF02-4D99-8014-44DF3C46D7F4}.AppStore|iPhone.Build.0 = Release|Any CPU
		{6D8E7BFF-DF02-4D99-8014-44DF3C46D7F4}.AppStore|iPhoneSimulator.ActiveCfg = Release|Any CPU
		{6D8E7BFF-DF02-4D99-8014-44DF3C46D7F4}.AppStore|iPhoneSimulator.Build.0 = Release|Any CPU
		{6D8E7BFF-DF02-4D99-8014-44DF3C46D7F4}.AppStore|x64.ActiveCfg = Release|Any CPU
		{6D8E7BFF-DF02-4D99-8014-44DF3C46D7F4}.AppStore|x64.Build.0 = Release|Any CPU
		{6D8E7BFF-DF02-4D99-8014-44DF3C46D7F4}.AppStore|x86.ActiveCfg = Release|Any CPU
		{6D8E7BFF-DF02-4D99-8014-44DF3C46D7F4}.AppStore|x86.Build.0 = Release|Any CPU
		{6D8E7BFF-DF02-4D99-8014-44DF3C46D7F4}.Debug|Any CPU.ActiveCfg = Debug|Any CPU
		{6D8E7BFF-DF02-4D99-8014-44DF3C46D7F4}.Debug|Any CPU.Build.0 = Debug|Any CPU
		{6D8E7BFF-DF02-4D99-8014-44DF3C46D7F4}.Debug|ARM.ActiveCfg = Debug|Any CPU
		{6D8E7BFF-DF02-4D99-8014-44DF3C46D7F4}.Debug|ARM.Build.0 = Debug|Any CPU
		{6D8E7BFF-DF02-4D99-8014-44DF3C46D7F4}.Debug|iPhone.ActiveCfg = Debug|Any CPU
		{6D8E7BFF-DF02-4D99-8014-44DF3C46D7F4}.Debug|iPhone.Build.0 = Debug|Any CPU
		{6D8E7BFF-DF02-4D99-8014-44DF3C46D7F4}.Debug|iPhoneSimulator.ActiveCfg = Debug|Any CPU
		{6D8E7BFF-DF02-4D99-8014-44DF3C46D7F4}.Debug|iPhoneSimulator.Build.0 = Debug|Any CPU
		{6D8E7BFF-DF02-4D99-8014-44DF3C46D7F4}.Debug|x64.ActiveCfg = Debug|Any CPU
		{6D8E7BFF-DF02-4D99-8014-44DF3C46D7F4}.Debug|x64.Build.0 = Debug|Any CPU
		{6D8E7BFF-DF02-4D99-8014-44DF3C46D7F4}.Debug|x86.ActiveCfg = Debug|Any CPU
		{6D8E7BFF-DF02-4D99-8014-44DF3C46D7F4}.Debug|x86.Build.0 = Debug|Any CPU
		{6D8E7BFF-DF02-4D99-8014-44DF3C46D7F4}.Release|Any CPU.ActiveCfg = Release|Any CPU
		{6D8E7BFF-DF02-4D99-8014-44DF3C46D7F4}.Release|Any CPU.Build.0 = Release|Any CPU
		{6D8E7BFF-DF02-4D99-8014-44DF3C46D7F4}.Release|ARM.ActiveCfg = Release|Any CPU
		{6D8E7BFF-DF02-4D99-8014-44DF3C46D7F4}.Release|ARM.Build.0 = Release|Any CPU
		{6D8E7BFF-DF02-4D99-8014-44DF3C46D7F4}.Release|iPhone.ActiveCfg = Release|Any CPU
		{6D8E7BFF-DF02-4D99-8014-44DF3C46D7F4}.Release|iPhone.Build.0 = Release|Any CPU
		{6D8E7BFF-DF02-4D99-8014-44DF3C46D7F4}.Release|iPhoneSimulator.ActiveCfg = Release|Any CPU
		{6D8E7BFF-DF02-4D99-8014-44DF3C46D7F4}.Release|iPhoneSimulator.Build.0 = Release|Any CPU
		{6D8E7BFF-DF02-4D99-8014-44DF3C46D7F4}.Release|x64.ActiveCfg = Release|Any CPU
		{6D8E7BFF-DF02-4D99-8014-44DF3C46D7F4}.Release|x64.Build.0 = Release|Any CPU
		{6D8E7BFF-DF02-4D99-8014-44DF3C46D7F4}.Release|x86.ActiveCfg = Release|Any CPU
		{6D8E7BFF-DF02-4D99-8014-44DF3C46D7F4}.Release|x86.Build.0 = Release|Any CPU
	EndGlobalSection
	GlobalSection(SolutionProperties) = preSolution
		HideSolutionNode = FALSE
	EndGlobalSection
EndGlobal
